// !$*UTF8*$!
{
	archiveVersion = 1;
	classes = {
	};
	objectVersion = 60;
	objects = {

/* Begin PBXBuildFile section */
		A2456D422C2AF53F00AC58E9 /* Theme.swift in Sources */ = {isa = PBXBuildFile; fileRef = A2456D412C2AF53B00AC58E9 /* Theme.swift */; };
		A2456D442C2B01D100AC58E9 /* DailyScrum.swift in Sources */ = {isa = PBXBuildFile; fileRef = A2456D432C2B01CA00AC58E9 /* DailyScrum.swift */; };
		A29D8F8C2C2AE09500090F32 /* ScrumdingerApp.swift in Sources */ = {isa = PBXBuildFile; fileRef = A29D8F8B2C2AE09500090F32 /* ScrumdingerApp.swift */; };
		A29D8F8E2C2AE09500090F32 /* MeetingView.swift in Sources */ = {isa = PBXBuildFile; fileRef = A29D8F8D2C2AE09500090F32 /* MeetingView.swift */; };
		A29D8F902C2AE09700090F32 /* Assets.xcassets in Resources */ = {isa = PBXBuildFile; fileRef = A29D8F8F2C2AE09700090F32 /* Assets.xcassets */; };
		A29D8F932C2AE09700090F32 /* Preview Assets.xcassets in Resources */ = {isa = PBXBuildFile; fileRef = A29D8F922C2AE09700090F32 /* Preview Assets.xcassets */; };
		A29D8F9D2C2AE09700090F32 /* ScrumdingerTests.swift in Sources */ = {isa = PBXBuildFile; fileRef = A29D8F9C2C2AE09700090F32 /* ScrumdingerTests.swift */; };
		A29D8FA72C2AE09700090F32 /* ScrumdingerUITests.swift in Sources */ = {isa = PBXBuildFile; fileRef = A29D8FA62C2AE09700090F32 /* ScrumdingerUITests.swift */; };
		A29D8FA92C2AE09700090F32 /* ScrumdingerUITestsLaunchTests.swift in Sources */ = {isa = PBXBuildFile; fileRef = A29D8FA82C2AE09700090F32 /* ScrumdingerUITestsLaunchTests.swift */; };
		A2CFD0962C2B0448003DBD40 /* CardView.swift in Sources */ = {isa = PBXBuildFile; fileRef = A2CFD0952C2B0444003DBD40 /* CardView.swift */; };
		A2CFD0982C2B05F4003DBD40 /* TrailingIconLabelStyle.swift in Sources */ = {isa = PBXBuildFile; fileRef = A2CFD0972C2B05F2003DBD40 /* TrailingIconLabelStyle.swift */; };
		A2CFD09A2C2B06D7003DBD40 /* ScrumsView.swift in Sources */ = {isa = PBXBuildFile; fileRef = A2CFD0992C2B06D1003DBD40 /* ScrumsView.swift */; };
/* End PBXBuildFile section */

/* Begin PBXContainerItemProxy section */
		A29D8F992C2AE09700090F32 /* PBXContainerItemProxy */ = {
			isa = PBXContainerItemProxy;
			containerPortal = A29D8F802C2AE09500090F32 /* Project object */;
			proxyType = 1;
			remoteGlobalIDString = A29D8F872C2AE09500090F32;
			remoteInfo = Scrumdinger;
		};
		A29D8FA32C2AE09700090F32 /* PBXContainerItemProxy */ = {
			isa = PBXContainerItemProxy;
			containerPortal = A29D8F802C2AE09500090F32 /* Project object */;
			proxyType = 1;
			remoteGlobalIDString = A29D8F872C2AE09500090F32;
			remoteInfo = Scrumdinger;
		};
/* End PBXContainerItemProxy section */

/* Begin PBXFileReference section */
		A2456D412C2AF53B00AC58E9 /* Theme.swift */ = {isa = PBXFileReference; lastKnownFileType = sourcecode.swift; path = Theme.swift; sourceTree = "<group>"; };
		A2456D432C2B01CA00AC58E9 /* DailyScrum.swift */ = {isa = PBXFileReference; lastKnownFileType = sourcecode.swift; path = DailyScrum.swift; sourceTree = "<group>"; };
		A29D8F882C2AE09500090F32 /* Scrumdinger.app */ = {isa = PBXFileReference; explicitFileType = wrapper.application; includeInIndex = 0; path = Scrumdinger.app; sourceTree = BUILT_PRODUCTS_DIR; };
		A29D8F8B2C2AE09500090F32 /* ScrumdingerApp.swift */ = {isa = PBXFileReference; lastKnownFileType = sourcecode.swift; path = ScrumdingerApp.swift; sourceTree = "<group>"; };
		A29D8F8D2C2AE09500090F32 /* MeetingView.swift */ = {isa = PBXFileReference; lastKnownFileType = sourcecode.swift; path = MeetingView.swift; sourceTree = "<group>"; };
		A29D8F8F2C2AE09700090F32 /* Assets.xcassets */ = {isa = PBXFileReference; lastKnownFileType = folder.assetcatalog; path = Assets.xcassets; sourceTree = "<group>"; };
		A29D8F922C2AE09700090F32 /* Preview Assets.xcassets */ = {isa = PBXFileReference; lastKnownFileType = folder.assetcatalog; path = "Preview Assets.xcassets"; sourceTree = "<group>"; };
		A29D8F982C2AE09700090F32 /* ScrumdingerTests.xctest */ = {isa = PBXFileReference; explicitFileType = wrapper.cfbundle; includeInIndex = 0; path = ScrumdingerTests.xctest; sourceTree = BUILT_PRODUCTS_DIR; };
		A29D8F9C2C2AE09700090F32 /* ScrumdingerTests.swift */ = {isa = PBXFileReference; lastKnownFileType = sourcecode.swift; path = ScrumdingerTests.swift; sourceTree = "<group>"; };
		A29D8FA22C2AE09700090F32 /* ScrumdingerUITests.xctest */ = {isa = PBXFileReference; explicitFileType = wrapper.cfbundle; includeInIndex = 0; path = ScrumdingerUITests.xctest; sourceTree = BUILT_PRODUCTS_DIR; };
		A29D8FA62C2AE09700090F32 /* ScrumdingerUITests.swift */ = {isa = PBXFileReference; lastKnownFileType = sourcecode.swift; path = ScrumdingerUITests.swift; sourceTree = "<group>"; };
		A29D8FA82C2AE09700090F32 /* ScrumdingerUITestsLaunchTests.swift */ = {isa = PBXFileReference; lastKnownFileType = sourcecode.swift; path = ScrumdingerUITestsLaunchTests.swift; sourceTree = "<group>"; };
		A2CFD0952C2B0444003DBD40 /* CardView.swift */ = {isa = PBXFileReference; lastKnownFileType = sourcecode.swift; path = CardView.swift; sourceTree = "<group>"; };
		A2CFD0972C2B05F2003DBD40 /* TrailingIconLabelStyle.swift */ = {isa = PBXFileReference; lastKnownFileType = sourcecode.swift; path = TrailingIconLabelStyle.swift; sourceTree = "<group>"; };
		A2CFD0992C2B06D1003DBD40 /* ScrumsView.swift */ = {isa = PBXFileReference; lastKnownFileType = sourcecode.swift; path = ScrumsView.swift; sourceTree = "<group>"; };
/* End PBXFileReference section */

/* Begin PBXFrameworksBuildPhase section */
		A29D8F852C2AE09500090F32 /* Frameworks */ = {
			isa = PBXFrameworksBuildPhase;
			buildActionMask = 2147483647;
			files = (
			);
			runOnlyForDeploymentPostprocessing = 0;
		};
		A29D8F952C2AE09700090F32 /* Frameworks */ = {
			isa = PBXFrameworksBuildPhase;
			buildActionMask = 2147483647;
			files = (
			);
			runOnlyForDeploymentPostprocessing = 0;
		};
		A29D8F9F2C2AE09700090F32 /* Frameworks */ = {
			isa = PBXFrameworksBuildPhase;
			buildActionMask = 2147483647;
			files = (
			);
			runOnlyForDeploymentPostprocessing = 0;
		};
/* End PBXFrameworksBuildPhase section */

/* Begin PBXGroup section */
		A2456D402C2AF0D000AC58E9 /* Models */ = {
			isa = PBXGroup;
			children = (
				A2456D432C2B01CA00AC58E9 /* DailyScrum.swift */,
				A2456D412C2AF53B00AC58E9 /* Theme.swift */,
			);
			path = Models;
			sourceTree = "<group>";
		};
		A29D8F7F2C2AE09500090F32 = {
			isa = PBXGroup;
			children = (
				A29D8F8A2C2AE09500090F32 /* Scrumdinger */,
				A29D8F9B2C2AE09700090F32 /* ScrumdingerTests */,
				A29D8FA52C2AE09700090F32 /* ScrumdingerUITests */,
				A29D8F892C2AE09500090F32 /* Products */,
			);
			sourceTree = "<group>";
		};
		A29D8F892C2AE09500090F32 /* Products */ = {
			isa = PBXGroup;
			children = (
				A29D8F882C2AE09500090F32 /* Scrumdinger.app */,
				A29D8F982C2AE09700090F32 /* ScrumdingerTests.xctest */,
				A29D8FA22C2AE09700090F32 /* ScrumdingerUITests.xctest */,
			);
			name = Products;
			sourceTree = "<group>";
		};
		A29D8F8A2C2AE09500090F32 /* Scrumdinger */ = {
			isa = PBXGroup;
			children = (
				A2CFD0952C2B0444003DBD40 /* CardView.swift */,
				A2CFD0992C2B06D1003DBD40 /* ScrumsView.swift */,
				A2CFD0972C2B05F2003DBD40 /* TrailingIconLabelStyle.swift */,
				A29D8F8B2C2AE09500090F32 /* ScrumdingerApp.swift */,
				A29D8F8D2C2AE09500090F32 /* MeetingView.swift */,
				A2456D402C2AF0D000AC58E9 /* Models */,
				A29D8F8F2C2AE09700090F32 /* Assets.xcassets */,
				A29D8F912C2AE09700090F32 /* Preview Content */,
			);
			path = Scrumdinger;
			sourceTree = "<group>";
		};
		A29D8F912C2AE09700090F32 /* Preview Content */ = {
			isa = PBXGroup;
			children = (
				A29D8F922C2AE09700090F32 /* Preview Assets.xcassets */,
			);
			path = "Preview Content";
			sourceTree = "<group>";
		};
		A29D8F9B2C2AE09700090F32 /* ScrumdingerTests */ = {
			isa = PBXGroup;
			children = (
				A29D8F9C2C2AE09700090F32 /* ScrumdingerTests.swift */,
			);
			path = ScrumdingerTests;
			sourceTree = "<group>";
		};
		A29D8FA52C2AE09700090F32 /* ScrumdingerUITests */ = {
			isa = PBXGroup;
			children = (
				A29D8FA62C2AE09700090F32 /* ScrumdingerUITests.swift */,
				A29D8FA82C2AE09700090F32 /* ScrumdingerUITestsLaunchTests.swift */,
			);
			path = ScrumdingerUITests;
			sourceTree = "<group>";
		};
/* End PBXGroup section */

/* Begin PBXNativeTarget section */
		A29D8F872C2AE09500090F32 /* Scrumdinger */ = {
			isa = PBXNativeTarget;
			buildConfigurationList = A29D8FAC2C2AE09700090F32 /* Build configuration list for PBXNativeTarget "Scrumdinger" */;
			buildPhases = (
				A29D8F842C2AE09500090F32 /* Sources */,
				A29D8F852C2AE09500090F32 /* Frameworks */,
				A29D8F862C2AE09500090F32 /* Resources */,
			);
			buildRules = (
			);
			dependencies = (
			);
			name = Scrumdinger;
			productName = Scrumdinger;
			productReference = A29D8F882C2AE09500090F32 /* Scrumdinger.app */;
			productType = "com.apple.product-type.application";
		};
		A29D8F972C2AE09700090F32 /* ScrumdingerTests */ = {
			isa = PBXNativeTarget;
			buildConfigurationList = A29D8FAF2C2AE09700090F32 /* Build configuration list for PBXNativeTarget "ScrumdingerTests" */;
			buildPhases = (
				A29D8F942C2AE09700090F32 /* Sources */,
				A29D8F952C2AE09700090F32 /* Frameworks */,
				A29D8F962C2AE09700090F32 /* Resources */,
			);
			buildRules = (
			);
			dependencies = (
				A29D8F9A2C2AE09700090F32 /* PBXTargetDependency */,
			);
			name = ScrumdingerTests;
			productName = ScrumdingerTests;
			productReference = A29D8F982C2AE09700090F32 /* ScrumdingerTests.xctest */;
			productType = "com.apple.product-type.bundle.unit-test";
		};
		A29D8FA12C2AE09700090F32 /* ScrumdingerUITests */ = {
			isa = PBXNativeTarget;
			buildConfigurationList = A29D8FB22C2AE09700090F32 /* Build configuration list for PBXNativeTarget "ScrumdingerUITests" */;
			buildPhases = (
				A29D8F9E2C2AE09700090F32 /* Sources */,
				A29D8F9F2C2AE09700090F32 /* Frameworks */,
				A29D8FA02C2AE09700090F32 /* Resources */,
			);
			buildRules = (
			);
			dependencies = (
				A29D8FA42C2AE09700090F32 /* PBXTargetDependency */,
			);
			name = ScrumdingerUITests;
			productName = ScrumdingerUITests;
			productReference = A29D8FA22C2AE09700090F32 /* ScrumdingerUITests.xctest */;
			productType = "com.apple.product-type.bundle.ui-testing";
		};
/* End PBXNativeTarget section */

/* Begin PBXProject section */
		A29D8F802C2AE09500090F32 /* Project object */ = {
			isa = PBXProject;
			attributes = {
				BuildIndependentTargetsInParallel = 1;
				LastSwiftUpdateCheck = 1600;
				LastUpgradeCheck = 1600;
				TargetAttributes = {
					A29D8F872C2AE09500090F32 = {
						CreatedOnToolsVersion = 16.0;
					};
					A29D8F972C2AE09700090F32 = {
						CreatedOnToolsVersion = 16.0;
						TestTargetID = A29D8F872C2AE09500090F32;
					};
					A29D8FA12C2AE09700090F32 = {
						CreatedOnToolsVersion = 16.0;
						TestTargetID = A29D8F872C2AE09500090F32;
					};
				};
			};
			buildConfigurationList = A29D8F832C2AE09500090F32 /* Build configuration list for PBXProject "Scrumdinger" */;
			compatibilityVersion = "Xcode 15.0";
			developmentRegion = en;
			hasScannedForEncodings = 0;
			knownRegions = (
				en,
				Base,
			);
			mainGroup = A29D8F7F2C2AE09500090F32;
			productRefGroup = A29D8F892C2AE09500090F32 /* Products */;
			projectDirPath = "";
			projectRoot = "";
			targets = (
				A29D8F872C2AE09500090F32 /* Scrumdinger */,
				A29D8F972C2AE09700090F32 /* ScrumdingerTests */,
				A29D8FA12C2AE09700090F32 /* ScrumdingerUITests */,
			);
		};
/* End PBXProject section */

/* Begin PBXResourcesBuildPhase section */
		A29D8F862C2AE09500090F32 /* Resources */ = {
			isa = PBXResourcesBuildPhase;
			buildActionMask = 2147483647;
			files = (
				A29D8F932C2AE09700090F32 /* Preview Assets.xcassets in Resources */,
				A29D8F902C2AE09700090F32 /* Assets.xcassets in Resources */,
			);
			runOnlyForDeploymentPostprocessing = 0;
		};
		A29D8F962C2AE09700090F32 /* Resources */ = {
			isa = PBXResourcesBuildPhase;
			buildActionMask = 2147483647;
			files = (
			);
			runOnlyForDeploymentPostprocessing = 0;
		};
		A29D8FA02C2AE09700090F32 /* Resources */ = {
			isa = PBXResourcesBuildPhase;
			buildActionMask = 2147483647;
			files = (
			);
			runOnlyForDeploymentPostprocessing = 0;
		};
/* End PBXResourcesBuildPhase section */

/* Begin PBXSourcesBuildPhase section */
		A29D8F842C2AE09500090F32 /* Sources */ = {
			isa = PBXSourcesBuildPhase;
			buildActionMask = 2147483647;
			files = (
				A2456D442C2B01D100AC58E9 /* DailyScrum.swift in Sources */,
				A2CFD0982C2B05F4003DBD40 /* TrailingIconLabelStyle.swift in Sources */,
				A2456D422C2AF53F00AC58E9 /* Theme.swift in Sources */,
				A2CFD09A2C2B06D7003DBD40 /* ScrumsView.swift in Sources */,
				A29D8F8E2C2AE09500090F32 /* MeetingView.swift in Sources */,
				A29D8F8C2C2AE09500090F32 /* ScrumdingerApp.swift in Sources */,
				A2CFD0962C2B0448003DBD40 /* CardView.swift in Sources */,
			);
			runOnlyForDeploymentPostprocessing = 0;
		};
		A29D8F942C2AE09700090F32 /* Sources */ = {
			isa = PBXSourcesBuildPhase;
			buildActionMask = 2147483647;
			files = (
				A29D8F9D2C2AE09700090F32 /* ScrumdingerTests.swift in Sources */,
			);
			runOnlyForDeploymentPostprocessing = 0;
		};
		A29D8F9E2C2AE09700090F32 /* Sources */ = {
			isa = PBXSourcesBuildPhase;
			buildActionMask = 2147483647;
			files = (
				A29D8FA92C2AE09700090F32 /* ScrumdingerUITestsLaunchTests.swift in Sources */,
				A29D8FA72C2AE09700090F32 /* ScrumdingerUITests.swift in Sources */,
			);
			runOnlyForDeploymentPostprocessing = 0;
		};
/* End PBXSourcesBuildPhase section */

/* Begin PBXTargetDependency section */
		A29D8F9A2C2AE09700090F32 /* PBXTargetDependency */ = {
			isa = PBXTargetDependency;
			target = A29D8F872C2AE09500090F32 /* Scrumdinger */;
			targetProxy = A29D8F992C2AE09700090F32 /* PBXContainerItemProxy */;
		};
		A29D8FA42C2AE09700090F32 /* PBXTargetDependency */ = {
			isa = PBXTargetDependency;
			target = A29D8F872C2AE09500090F32 /* Scrumdinger */;
			targetProxy = A29D8FA32C2AE09700090F32 /* PBXContainerItemProxy */;
		};
/* End PBXTargetDependency section */

/* Begin XCBuildConfiguration section */
		A29D8FAA2C2AE09700090F32 /* Debug */ = {
			isa = XCBuildConfiguration;
			buildSettings = {
				ALWAYS_SEARCH_USER_PATHS = NO;
				ASSETCATALOG_COMPILER_GENERATE_SWIFT_ASSET_SYMBOL_EXTENSIONS = YES;
				CLANG_ANALYZER_NONNULL = YES;
				CLANG_ANALYZER_NUMBER_OBJECT_CONVERSION = YES_AGGRESSIVE;
				CLANG_CXX_LANGUAGE_STANDARD = "gnu++20";
				CLANG_ENABLE_MODULES = YES;
				CLANG_ENABLE_OBJC_ARC = YES;
				CLANG_ENABLE_OBJC_WEAK = YES;
				CLANG_WARN_BLOCK_CAPTURE_AUTORELEASING = YES;
				CLANG_WARN_BOOL_CONVERSION = YES;
				CLANG_WARN_COMMA = YES;
				CLANG_WARN_CONSTANT_CONVERSION = YES;
				CLANG_WARN_DEPRECATED_OBJC_IMPLEMENTATIONS = YES;
				CLANG_WARN_DIRECT_OBJC_ISA_USAGE = YES_ERROR;
				CLANG_WARN_DOCUMENTATION_COMMENTS = YES;
				CLANG_WARN_EMPTY_BODY = YES;
				CLANG_WARN_ENUM_CONVERSION = YES;
				CLANG_WARN_INFINITE_RECURSION = YES;
				CLANG_WARN_INT_CONVERSION = YES;
				CLANG_WARN_NON_LITERAL_NULL_CONVERSION = YES;
				CLANG_WARN_OBJC_IMPLICIT_RETAIN_SELF = YES;
				CLANG_WARN_OBJC_LITERAL_CONVERSION = YES;
				CLANG_WARN_OBJC_ROOT_CLASS = YES_ERROR;
				CLANG_WARN_QUOTED_INCLUDE_IN_FRAMEWORK_HEADER = YES;
				CLANG_WARN_RANGE_LOOP_ANALYSIS = YES;
				CLANG_WARN_STRICT_PROTOTYPES = YES;
				CLANG_WARN_SUSPICIOUS_MOVE = YES;
				CLANG_WARN_UNGUARDED_AVAILABILITY = YES_AGGRESSIVE;
				CLANG_WARN_UNREACHABLE_CODE = YES;
				CLANG_WARN__DUPLICATE_METHOD_MATCH = YES;
				COPY_PHASE_STRIP = NO;
				DEBUG_INFORMATION_FORMAT = dwarf;
				ENABLE_STRICT_OBJC_MSGSEND = YES;
				ENABLE_TESTABILITY = YES;
				ENABLE_USER_SCRIPT_SANDBOXING = YES;
				GCC_C_LANGUAGE_STANDARD = gnu17;
				GCC_DYNAMIC_NO_PIC = NO;
				GCC_NO_COMMON_BLOCKS = YES;
				GCC_OPTIMIZATION_LEVEL = 0;
				GCC_PREPROCESSOR_DEFINITIONS = (
					"DEBUG=1",
					"$(inherited)",
				);
				GCC_WARN_64_TO_32_BIT_CONVERSION = YES;
				GCC_WARN_ABOUT_RETURN_TYPE = YES_ERROR;
				GCC_WARN_UNDECLARED_SELECTOR = YES;
				GCC_WARN_UNINITIALIZED_AUTOS = YES_AGGRESSIVE;
				GCC_WARN_UNUSED_FUNCTION = YES;
				GCC_WARN_UNUSED_VARIABLE = YES;
				IPHONEOS_DEPLOYMENT_TARGET = 18.0;
				LOCALIZATION_PREFERS_STRING_CATALOGS = YES;
				MTL_ENABLE_DEBUG_INFO = INCLUDE_SOURCE;
				MTL_FAST_MATH = YES;
				ONLY_ACTIVE_ARCH = YES;
				SDKROOT = iphoneos;
				SWIFT_ACTIVE_COMPILATION_CONDITIONS = "DEBUG $(inherited)";
				SWIFT_OPTIMIZATION_LEVEL = "-Onone";
			};
			name = Debug;
		};
		A29D8FAB2C2AE09700090F32 /* Release */ = {
			isa = XCBuildConfiguration;
			buildSettings = {
				ALWAYS_SEARCH_USER_PATHS = NO;
				ASSETCATALOG_COMPILER_GENERATE_SWIFT_ASSET_SYMBOL_EXTENSIONS = YES;
				CLANG_ANALYZER_NONNULL = YES;
				CLANG_ANALYZER_NUMBER_OBJECT_CONVERSION = YES_AGGRESSIVE;
				CLANG_CXX_LANGUAGE_STANDARD = "gnu++20";
				CLANG_ENABLE_MODULES = YES;
				CLANG_ENABLE_OBJC_ARC = YES;
				CLANG_ENABLE_OBJC_WEAK = YES;
				CLANG_WARN_BLOCK_CAPTURE_AUTORELEASING = YES;
				CLANG_WARN_BOOL_CONVERSION = YES;
				CLANG_WARN_COMMA = YES;
				CLANG_WARN_CONSTANT_CONVERSION = YES;
				CLANG_WARN_DEPRECATED_OBJC_IMPLEMENTATIONS = YES;
				CLANG_WARN_DIRECT_OBJC_ISA_USAGE = YES_ERROR;
				CLANG_WARN_DOCUMENTATION_COMMENTS = YES;
				CLANG_WARN_EMPTY_BODY = YES;
				CLANG_WARN_ENUM_CONVERSION = YES;
				CLANG_WARN_INFINITE_RECURSION = YES;
				CLANG_WARN_INT_CONVERSION = YES;
				CLANG_WARN_NON_LITERAL_NULL_CONVERSION = YES;
				CLANG_WARN_OBJC_IMPLICIT_RETAIN_SELF = YES;
				CLANG_WARN_OBJC_LITERAL_CONVERSION = YES;
				CLANG_WARN_OBJC_ROOT_CLASS = YES_ERROR;
				CLANG_WARN_QUOTED_INCLUDE_IN_FRAMEWORK_HEADER = YES;
				CLANG_WARN_RANGE_LOOP_ANALYSIS = YES;
				CLANG_WARN_STRICT_PROTOTYPES = YES;
				CLANG_WARN_SUSPICIOUS_MOVE = YES;
				CLANG_WARN_UNGUARDED_AVAILABILITY = YES_AGGRESSIVE;
				CLANG_WARN_UNREACHABLE_CODE = YES;
				CLANG_WARN__DUPLICATE_METHOD_MATCH = YES;
				COPY_PHASE_STRIP = NO;
				DEBUG_INFORMATION_FORMAT = "dwarf-with-dsym";
				ENABLE_NS_ASSERTIONS = NO;
				ENABLE_STRICT_OBJC_MSGSEND = YES;
				ENABLE_USER_SCRIPT_SANDBOXING = YES;
				GCC_C_LANGUAGE_STANDARD = gnu17;
				GCC_NO_COMMON_BLOCKS = YES;
				GCC_WARN_64_TO_32_BIT_CONVERSION = YES;
				GCC_WARN_ABOUT_RETURN_TYPE = YES_ERROR;
				GCC_WARN_UNDECLARED_SELECTOR = YES;
				GCC_WARN_UNINITIALIZED_AUTOS = YES_AGGRESSIVE;
				GCC_WARN_UNUSED_FUNCTION = YES;
				GCC_WARN_UNUSED_VARIABLE = YES;
				IPHONEOS_DEPLOYMENT_TARGET = 18.0;
				LOCALIZATION_PREFERS_STRING_CATALOGS = YES;
				MTL_ENABLE_DEBUG_INFO = NO;
				MTL_FAST_MATH = YES;
				SDKROOT = iphoneos;
				SWIFT_COMPILATION_MODE = wholemodule;
				VALIDATE_PRODUCT = YES;
			};
			name = Release;
		};
		A29D8FAD2C2AE09700090F32 /* Debug */ = {
			isa = XCBuildConfiguration;
			buildSettings = {
				ASSETCATALOG_COMPILER_APPICON_NAME = AppIcon;
				ASSETCATALOG_COMPILER_GLOBAL_ACCENT_COLOR_NAME = AccentColor;
				CODE_SIGN_STYLE = Automatic;
				CURRENT_PROJECT_VERSION = 1;
				DEVELOPMENT_ASSET_PATHS = "\"Scrumdinger/Preview Content\"";
				ENABLE_PREVIEWS = YES;
				GENERATE_INFOPLIST_FILE = YES;
				INFOPLIST_KEY_UIApplicationSceneManifest_Generation = YES;
				INFOPLIST_KEY_UIApplicationSupportsIndirectInputEvents = YES;
				INFOPLIST_KEY_UILaunchScreen_Generation = YES;
				INFOPLIST_KEY_UISupportedInterfaceOrientations_iPad = "UIInterfaceOrientationPortrait UIInterfaceOrientationPortraitUpsideDown UIInterfaceOrientationLandscapeLeft UIInterfaceOrientationLandscapeRight";
				INFOPLIST_KEY_UISupportedInterfaceOrientations_iPhone = "UIInterfaceOrientationPortrait UIInterfaceOrientationLandscapeLeft UIInterfaceOrientationLandscapeRight";
				LD_RUNPATH_SEARCH_PATHS = (
					"$(inherited)",
					"@executable_path/Frameworks",
				);
				MARKETING_VERSION = 1.0;
				PRODUCT_BUNDLE_IDENTIFIER = com.zigaowang.Scrumdinger;
				PRODUCT_NAME = "$(TARGET_NAME)";
				SWIFT_EMIT_LOC_STRINGS = YES;
				SWIFT_VERSION = 5.0;
				TARGETED_DEVICE_FAMILY = "1,2";
			};
			name = Debug;
		};
		A29D8FAE2C2AE09700090F32 /* Release */ = {
			isa = XCBuildConfiguration;
			buildSettings = {
				ASSETCATALOG_COMPILER_APPICON_NAME = AppIcon;
				ASSETCATALOG_COMPILER_GLOBAL_ACCENT_COLOR_NAME = AccentColor;
				CODE_SIGN_STYLE = Automatic;
				CURRENT_PROJECT_VERSION = 1;
				DEVELOPMENT_ASSET_PATHS = "\"Scrumdinger/Preview Content\"";
				ENABLE_PREVIEWS = YES;
				GENERATE_INFOPLIST_FILE = YES;
				INFOPLIST_KEY_UIApplicationSceneManifest_Generation = YES;
				INFOPLIST_KEY_UIApplicationSupportsIndirectInputEvents = YES;
				INFOPLIST_KEY_UILaunchScreen_Generation = YES;
				INFOPLIST_KEY_UISupportedInterfaceOrientations_iPad = "UIInterfaceOrientationPortrait UIInterfaceOrientationPortraitUpsideDown UIInterfaceOrientationLandscapeLeft UIInterfaceOrientationLandscapeRight";
				INFOPLIST_KEY_UISupportedInterfaceOrientations_iPhone = "UIInterfaceOrientationPortrait UIInterfaceOrientationLandscapeLeft UIInterfaceOrientationLandscapeRight";
				LD_RUNPATH_SEARCH_PATHS = (
					"$(inherited)",
					"@executable_path/Frameworks",
				);
				MARKETING_VERSION = 1.0;
				PRODUCT_BUNDLE_IDENTIFIER = com.zigaowang.Scrumdinger;
				PRODUCT_NAME = "$(TARGET_NAME)";
				SWIFT_EMIT_LOC_STRINGS = YES;
				SWIFT_VERSION = 5.0;
				TARGETED_DEVICE_FAMILY = "1,2";
			};
			name = Release;
		};
		A29D8FB02C2AE09700090F32 /* Debug */ = {
			isa = XCBuildConfiguration;
			buildSettings = {
				BUNDLE_LOADER = "$(TEST_HOST)";
				CODE_SIGN_STYLE = Automatic;
				CURRENT_PROJECT_VERSION = 1;
				GENERATE_INFOPLIST_FILE = YES;
				IPHONEOS_DEPLOYMENT_TARGET = 18.0;
				MARKETING_VERSION = 1.0;
				PRODUCT_BUNDLE_IDENTIFIER = com.zigaowang.ScrumdingerTests;
				PRODUCT_NAME = "$(TARGET_NAME)";
				SWIFT_EMIT_LOC_STRINGS = NO;
				SWIFT_VERSION = 5.0;
				TARGETED_DEVICE_FAMILY = "1,2";
				TEST_HOST = "$(BUILT_PRODUCTS_DIR)/Scrumdinger.app/$(BUNDLE_EXECUTABLE_FOLDER_PATH)/Scrumdinger";
			};
			name = Debug;
		};
		A29D8FB12C2AE09700090F32 /* Release */ = {
			isa = XCBuildConfiguration;
			buildSettings = {
				BUNDLE_LOADER = "$(TEST_HOST)";
				CODE_SIGN_STYLE = Automatic;
				CURRENT_PROJECT_VERSION = 1;
				GENERATE_INFOPLIST_FILE = YES;
				IPHONEOS_DEPLOYMENT_TARGET = 18.0;
				MARKETING_VERSION = 1.0;
				PRODUCT_BUNDLE_IDENTIFIER = com.zigaowang.ScrumdingerTests;
				PRODUCT_NAME = "$(TARGET_NAME)";
				SWIFT_EMIT_LOC_STRINGS = NO;
				SWIFT_VERSION = 5.0;
				TARGETED_DEVICE_FAMILY = "1,2";
				TEST_HOST = "$(BUILT_PRODUCTS_DIR)/Scrumdinger.app/$(BUNDLE_EXECUTABLE_FOLDER_PATH)/Scrumdinger";
			};
			name = Release;
		};
		A29D8FB32C2AE09700090F32 /* Debug */ = {
			isa = XCBuildConfiguration;
			buildSettings = {
				CODE_SIGN_STYLE = Automatic;
				CURRENT_PROJECT_VERSION = 1;
				GENERATE_INFOPLIST_FILE = YES;
				MARKETING_VERSION = 1.0;
				PRODUCT_BUNDLE_IDENTIFIER = com.zigaowang.ScrumdingerUITests;
				PRODUCT_NAME = "$(TARGET_NAME)";
				SWIFT_EMIT_LOC_STRINGS = NO;
				SWIFT_VERSION = 5.0;
				TARGETED_DEVICE_FAMILY = "1,2";
				TEST_TARGET_NAME = Scrumdinger;
			};
			name = Debug;
		};
		A29D8FB42C2AE09700090F32 /* Release */ = {
			isa = XCBuildConfiguration;
			buildSettings = {
				CODE_SIGN_STYLE = Automatic;
				CURRENT_PROJECT_VERSION = 1;
				GENERATE_INFOPLIST_FILE = YES;
				MARKETING_VERSION = 1.0;
				PRODUCT_BUNDLE_IDENTIFIER = com.zigaowang.ScrumdingerUITests;
				PRODUCT_NAME = "$(TARGET_NAME)";
				SWIFT_EMIT_LOC_STRINGS = NO;
				SWIFT_VERSION = 5.0;
				TARGETED_DEVICE_FAMILY = "1,2";
				TEST_TARGET_NAME = Scrumdinger;
			};
			name = Release;
		};
/* End XCBuildConfiguration section */

/* Begin XCConfigurationList section */
		A29D8F832C2AE09500090F32 /* Build configuration list for PBXProject "Scrumdinger" */ = {
			isa = XCConfigurationList;
			buildConfigurations = (
				A29D8FAA2C2AE09700090F32 /* Debug */,
				A29D8FAB2C2AE09700090F32 /* Release */,
			);
			defaultConfigurationIsVisible = 0;
			defaultConfigurationName = Release;
		};
		A29D8FAC2C2AE09700090F32 /* Build configuration list for PBXNativeTarget "Scrumdinger" */ = {
			isa = XCConfigurationList;
			buildConfigurations = (
				A29D8FAD2C2AE09700090F32 /* Debug */,
				A29D8FAE2C2AE09700090F32 /* Release */,
			);
			defaultConfigurationIsVisible = 0;
			defaultConfigurationName = Release;
		};
		A29D8FAF2C2AE09700090F32 /* Build configuration list for PBXNativeTarget "ScrumdingerTests" */ = {
			isa = XCConfigurationList;
			buildConfigurations = (
				A29D8FB02C2AE09700090F32 /* Debug */,
				A29D8FB12C2AE09700090F32 /* Release */,
			);
			defaultConfigurationIsVisible = 0;
			defaultConfigurationName = Release;
		};
		A29D8FB22C2AE09700090F32 /* Build configuration list for PBXNativeTarget "ScrumdingerUITests" */ = {
			isa = XCConfigurationList;
			buildConfigurations = (
				A29D8FB32C2AE09700090F32 /* Debug */,
				A29D8FB42C2AE09700090F32 /* Release */,
			);
			defaultConfigurationIsVisible = 0;
			defaultConfigurationName = Release;
		};
/* End XCConfigurationList section */
	};
	rootObject = A29D8F802C2AE09500090F32 /* Project object */;
}
